
Microsoft Visual Studio Solution File, Format Version 12.00
# Visual Studio Version 16
VisualStudioVersion = 16.0.30104.148
MinimumVisualStudioVersion = 10.0.40219.1
Project("{FAE04EC0-301F-11D3-BF4B-00C04F79EFBC}") = "MiksRadarDesktop", "MiksRadarDesktop\MiksRadarDesktop.csproj", "{7DA9DB2B-5CA8-41A4-9E7D-160207AF61CA}"
EndProject
Global
	GlobalSection(SolutionConfigurationPlatforms) = preSolution
		Debug|Any CPU = Debug|Any CPU
		Release|Any CPU = Release|Any CPU
	EndGlobalSection
	GlobalSection(ProjectConfigurationPlatforms) = postSolution
		{7DA9DB2B-5CA8-41A4-9E7D-160207AF61CA}.Debug|Any CPU.ActiveCfg = Debug|Any CPU
		{7DA9DB2B-5CA8-41A4-9E7D-160207AF61CA}.Debug|Any CPU.Build.0 = Debug|Any CPU
		{7DA9DB2B-5CA8-41A4-9E7D-160207AF61CA}.Release|Any CPU.ActiveCfg = Release|Any CPU
		{7DA9DB2B-5CA8-41A4-9E7D-160207AF61CA}.Release|Any CPU.Build.0 = Release|Any CPU
	EndGlobalSection
	GlobalSection(SolutionProperties) = preSolution
		HideSolutionNode = FALSE
	EndGlobalSection
	GlobalSection(ExtensibilityGlobals) = postSolution
		SolutionGuid = {E4242C34-1A55-46CF-8048-81DB624B096E}
	EndGlobalSection
EndGlobal
